
Microsoft Visual Studio Solution File, Format Version 12.00
# Visual Studio 14
VisualStudioVersion = 14.0.25123.0
MinimumVisualStudioVersion = 10.0.40219.1
Project("{FAE04EC0-301F-11D3-BF4B-00C04F79EFBC}") = "DesignPattern", "DesignPattern\DesignPattern.csproj", "{31443507-9E87-45DC-B4B0-FB0F29F4A576}"
EndProject
Project("{2150E333-8FDC-42A3-9474-1A3956D46DE8}") = "DesignPatternTest", "DesignPatternTest", "{DFECE1C4-4FAD-46BE-91AB-82582B2BCB8E}"
EndProject
Project("{FAE04EC0-301F-11D3-BF4B-00C04F79EFBC}") = "DecoratorTest", "DecoratorTest\DecoratorTest.csproj", "{44F15093-FD53-4F56-9199-11D941E1C98F}"
EndProject
Global
	GlobalSection(SolutionConfigurationPlatforms) = preSolution
		Debug|Any CPU = Debug|Any CPU
		Release|Any CPU = Release|Any CPU
	EndGlobalSection
	GlobalSection(ProjectConfigurationPlatforms) = postSolution
		{31443507-9E87-45DC-B4B0-FB0F29F4A576}.Debug|Any CPU.ActiveCfg = Debug|Any CPU
		{31443507-9E87-45DC-B4B0-FB0F29F4A576}.Debug|Any CPU.Build.0 = Debug|Any CPU
		{31443507-9E87-45DC-B4B0-FB0F29F4A576}.Release|Any CPU.ActiveCfg = Release|Any CPU
		{31443507-9E87-45DC-B4B0-FB0F29F4A576}.Release|Any CPU.Build.0 = Release|Any CPU
		{44F15093-FD53-4F56-9199-11D941E1C98F}.Debug|Any CPU.ActiveCfg = Debug|Any CPU
		{44F15093-FD53-4F56-9199-11D941E1C98F}.Debug|Any CPU.Build.0 = Debug|Any CPU
		{44F15093-FD53-4F56-9199-11D941E1C98F}.Release|Any CPU.ActiveCfg = Release|Any CPU
		{44F15093-FD53-4F56-9199-11D941E1C98F}.Release|Any CPU.Build.0 = Release|Any CPU
	EndGlobalSection
	GlobalSection(SolutionProperties) = preSolution
		HideSolutionNode = FALSE
	EndGlobalSection
	GlobalSection(NestedProjects) = preSolution
		{44F15093-FD53-4F56-9199-11D941E1C98F} = {DFECE1C4-4FAD-46BE-91AB-82582B2BCB8E}
	EndGlobalSection
EndGlobal
